
Microsoft Visual Studio Solution File, Format Version 12.00
# Visual Studio Version 17
VisualStudioVersion = 17.9.34526.213
MinimumVisualStudioVersion = 10.0.40219.1
Project("{FAE04EC0-301F-11D3-BF4B-00C04F79EFBC}") = "BepInExFasterLoadAssetBundles", "BepInExFasterLoadAssetBundles\BepInExFasterLoadAssetBundles.csproj", "{8F5204CF-5CBB-4F15-910E-292FA1CC3FFE}"
EndProject
Global
	GlobalSection(SolutionConfigurationPlatforms) = preSolution
		Debug|Any CPU = Debug|Any CPU
		Release|Any CPU = Release|Any CPU
	EndGlobalSection
	GlobalSection(ProjectConfigurationPlatforms) = postSolution
		{8F5204CF-5CBB-4F15-910E-292FA1CC3FFE}.Debug|Any CPU.ActiveCfg = Debug|Any CPU
		{8F5204CF-5CBB-4F15-910E-292FA1CC3FFE}.Debug|Any CPU.Build.0 = Debug|Any CPU
		{8F5204CF-5CBB-4F15-910E-292FA1CC3FFE}.Release|Any CPU.ActiveCfg = Release|Any CPU
		{8F5204CF-5CBB-4F15-910E-292FA1CC3FFE}.Release|Any CPU.Build.0 = Release|Any CPU
	EndGlobalSection
	GlobalSection(SolutionProperties) = preSolution
		HideSolutionNode = FALSE
	EndGlobalSection
	GlobalSection(ExtensibilityGlobals) = postSolution
		SolutionGuid = {036832EB-8CB0-44BF-B0E6-A562CEACD967}
	EndGlobalSection
EndGlobal
